
Microsoft Visual Studio Solution File, Format Version 12.00
# Visual Studio Version 17
VisualStudioVersion = 17.7.34024.191
MinimumVisualStudioVersion = 10.0.40219.1
Project("{FAE04EC0-301F-11D3-BF4B-00C04F79EFBC}") = "BlagodarniStoreAPI", "BlagodarniStoreAPI\BlagodarniStoreAPI.csproj", "{1CBD237A-A94B-4C04-8AFD-3721D334A2D2}"
EndProject
Global
	GlobalSection(SolutionConfigurationPlatforms) = preSolution
		Debug|Any CPU = Debug|Any CPU
		Release|Any CPU = Release|Any CPU
	EndGlobalSection
	GlobalSection(ProjectConfigurationPlatforms) = postSolution
		{1CBD237A-A94B-4C04-8AFD-3721D334A2D2}.Debug|Any CPU.ActiveCfg = Debug|Any CPU
		{1CBD237A-A94B-4C04-8AFD-3721D334A2D2}.Debug|Any CPU.Build.0 = Debug|Any CPU
		{1CBD237A-A94B-4C04-8AFD-3721D334A2D2}.Release|Any CPU.ActiveCfg = Release|Any CPU
		{1CBD237A-A94B-4C04-8AFD-3721D334A2D2}.Release|Any CPU.Build.0 = Release|Any CPU
	EndGlobalSection
	GlobalSection(SolutionProperties) = preSolution
		HideSolutionNode = FALSE
	EndGlobalSection
	GlobalSection(ExtensibilityGlobals) = postSolution
		SolutionGuid = {1F7AF4F0-06F6-49A0-83DF-1EE410F1C7D9}
	EndGlobalSection
EndGlobal
